
Microsoft Visual Studio Solution File, Format Version 12.00
# Visual Studio 15
VisualStudioVersion = 15.0.26730.15
MinimumVisualStudioVersion = 10.0.40219.1
Project("{2150E333-8FDC-42A3-9474-1A3956D46DE8}") = "_Platform", "_Platform", "{E0F40844-6937-493D-9908-A132119CFB0E}"
EndProject
Project("{FAE04EC0-301F-11D3-BF4B-00C04F79EFBC}") = "Platform.Api", "..\..\Platform\src\Platform.Api\Platform.Api.csproj", "{5B06C514-A325-4EC8-AF9F-D3C888E3E4E1}"
EndProject
Project("{FAE04EC0-301F-11D3-BF4B-00C04F79EFBC}") = "Platform.Common", "..\..\Platform\src\Platform.Common\Platform.Common.csproj", "{45EF3FDB-6A69-49CC-901A-F2B07849B340}"
EndProject
Project("{FAE04EC0-301F-11D3-BF4B-00C04F79EFBC}") = "Platform.CosmosDocumentProvider", "..\..\Platform\src\Platform.CosmosDocumentProvider\Platform.CosmosDocumentProvider.csproj", "{5C972404-3F43-4407-B3FE-F28A54BC6FA7}"
EndProject
Project("{FAE04EC0-301F-11D3-BF4B-00C04F79EFBC}") = "Platform.Data", "..\..\Platform\src\Platform.Data\Platform.Data.csproj", "{9A529547-7A52-4121-BB42-636F15478780}"
EndProject
Project("{FAE04EC0-301F-11D3-BF4B-00C04F79EFBC}") = "Platform.Domain", "..\..\Platform\src\Platform.Domain\Platform.Domain.csproj", "{9E9760ED-1B7B-4D26-A74C-073E828A1243}"
EndProject
Project("{2150E333-8FDC-42A3-9474-1A3956D46DE8}") = "PizzaPie", "PizzaPie", "{9E0F5A49-3872-4495-894A-3D72A75C7BB4}"
EndProject
Project("{FAE04EC0-301F-11D3-BF4B-00C04F79EFBC}") = "PizzaPie.Abstractions", "PizzaPie.Abstractions\PizzaPie.Abstractions.csproj", "{C8490924-D834-41C4-94EB-6F30D6CE3683}"
EndProject
Project("{FAE04EC0-301F-11D3-BF4B-00C04F79EFBC}") = "PizzaPie.Api", "PizzaPie.Api\PizzaPie.Api.csproj", "{6356EFAE-E5A8-46B3-A71E-BC105496544B}"
EndProject
Project("{FAE04EC0-301F-11D3-BF4B-00C04F79EFBC}") = "PizzaPie.Common", "PizzaPie.Common\PizzaPie.Common.csproj", "{9D2D4DD8-676C-49F9-A5AA-FD0626371B3A}"
EndProject
Project("{FAE04EC0-301F-11D3-BF4B-00C04F79EFBC}") = "PizzaPie.Domain.Tests", "PizzaPie.Domain.Tests\PizzaPie.Domain.Tests.csproj", "{18B4DDB2-EA2C-4A5C-9DA8-EF6D7ADE7B86}"
EndProject
Project("{FAE04EC0-301F-11D3-BF4B-00C04F79EFBC}") = "PizzaPie.Domain", "PizzaPie.Domain\PizzaPie.Domain.csproj", "{50693D56-1935-425B-8039-4D6F9686DCBE}"
EndProject
Project("{FAE04EC0-301F-11D3-BF4B-00C04F79EFBC}") = "PizzaPie.Messaging", "PizzaPie.Messaging\PizzaPie.Messaging.csproj", "{B5676D6B-ED18-4916-882A-DB7AB2D79369}"
EndProject
Project("{FAE04EC0-301F-11D3-BF4B-00C04F79EFBC}") = "PizzaPie.Repository", "PizzaPie.Repository\PizzaPie.Repository.csproj", "{BC66E19F-8255-4878-B497-607035993164}"
EndProject
Project("{FAE04EC0-301F-11D3-BF4B-00C04F79EFBC}") = "Platform.MemstateProvider", "..\..\Platform\src\Platform.MemstateProvider\Platform.MemstateProvider.csproj", "{E754D992-43A2-4FD2-B22E-EC7CFDEA1B2E}"
EndProject
Project("{FAE04EC0-301F-11D3-BF4B-00C04F79EFBC}") = "PizzaPie.Common.Tests", "PizzaPie.Common.Tests\PizzaPie.Common.Tests.csproj", "{A1DB6F6B-F39B-46A2-B896-3DF07F46E0C3}"
EndProject
Global
	GlobalSection(SolutionConfigurationPlatforms) = preSolution
		Debug|Any CPU = Debug|Any CPU
		Release|Any CPU = Release|Any CPU
	EndGlobalSection
	GlobalSection(ProjectConfigurationPlatforms) = postSolution
		{5B06C514-A325-4EC8-AF9F-D3C888E3E4E1}.Debug|Any CPU.ActiveCfg = Debug|Any CPU
		{5B06C514-A325-4EC8-AF9F-D3C888E3E4E1}.Debug|Any CPU.Build.0 = Debug|Any CPU
		{5B06C514-A325-4EC8-AF9F-D3C888E3E4E1}.Release|Any CPU.ActiveCfg = Release|Any CPU
		{5B06C514-A325-4EC8-AF9F-D3C888E3E4E1}.Release|Any CPU.Build.0 = Release|Any CPU
		{45EF3FDB-6A69-49CC-901A-F2B07849B340}.Debug|Any CPU.ActiveCfg = Debug|Any CPU
		{45EF3FDB-6A69-49CC-901A-F2B07849B340}.Debug|Any CPU.Build.0 = Debug|Any CPU
		{45EF3FDB-6A69-49CC-901A-F2B07849B340}.Release|Any CPU.ActiveCfg = Release|Any CPU
		{45EF3FDB-6A69-49CC-901A-F2B07849B340}.Release|Any CPU.Build.0 = Release|Any CPU
		{5C972404-3F43-4407-B3FE-F28A54BC6FA7}.Debug|Any CPU.ActiveCfg = Debug|Any CPU
		{5C972404-3F43-4407-B3FE-F28A54BC6FA7}.Debug|Any CPU.Build.0 = Debug|Any CPU
		{5C972404-3F43-4407-B3FE-F28A54BC6FA7}.Release|Any CPU.ActiveCfg = Release|Any CPU
		{5C972404-3F43-4407-B3FE-F28A54BC6FA7}.Release|Any CPU.Build.0 = Release|Any CPU
		{9A529547-7A52-4121-BB42-636F15478780}.Debug|Any CPU.ActiveCfg = Debug|Any CPU
		{9A529547-7A52-4121-BB42-636F15478780}.Debug|Any CPU.Build.0 = Debug|Any CPU
		{9A529547-7A52-4121-BB42-636F15478780}.Release|Any CPU.ActiveCfg = Release|Any CPU
		{9A529547-7A52-4121-BB42-636F15478780}.Release|Any CPU.Build.0 = Release|Any CPU
		{9E9760ED-1B7B-4D26-A74C-073E828A1243}.Debug|Any CPU.ActiveCfg = Debug|Any CPU
		{9E9760ED-1B7B-4D26-A74C-073E828A1243}.Debug|Any CPU.Build.0 = Debug|Any CPU
		{9E9760ED-1B7B-4D26-A74C-073E828A1243}.Release|Any CPU.ActiveCfg = Release|Any CPU
		{9E9760ED-1B7B-4D26-A74C-073E828A1243}.Release|Any CPU.Build.0 = Release|Any CPU
		{C8490924-D834-41C4-94EB-6F30D6CE3683}.Debug|Any CPU.ActiveCfg = Debug|Any CPU
		{C8490924-D834-41C4-94EB-6F30D6CE3683}.Debug|Any CPU.Build.0 = Debug|Any CPU
		{C8490924-D834-41C4-94EB-6F30D6CE3683}.Release|Any CPU.ActiveCfg = Release|Any CPU
		{C8490924-D834-41C4-94EB-6F30D6CE3683}.Release|Any CPU.Build.0 = Release|Any CPU
		{6356EFAE-E5A8-46B3-A71E-BC105496544B}.Debug|Any CPU.ActiveCfg = Debug|Any CPU
		{6356EFAE-E5A8-46B3-A71E-BC105496544B}.Debug|Any CPU.Build.0 = Debug|Any CPU
		{6356EFAE-E5A8-46B3-A71E-BC105496544B}.Release|Any CPU.ActiveCfg = Release|Any CPU
		{6356EFAE-E5A8-46B3-A71E-BC105496544B}.Release|Any CPU.Build.0 = Release|Any CPU
		{9D2D4DD8-676C-49F9-A5AA-FD0626371B3A}.Debug|Any CPU.ActiveCfg = Debug|Any CPU
		{9D2D4DD8-676C-49F9-A5AA-FD0626371B3A}.Debug|Any CPU.Build.0 = Debug|Any CPU
		{9D2D4DD8-676C-49F9-A5AA-FD0626371B3A}.Release|Any CPU.ActiveCfg = Release|Any CPU
		{9D2D4DD8-676C-49F9-A5AA-FD0626371B3A}.Release|Any CPU.Build.0 = Release|Any CPU
		{18B4DDB2-EA2C-4A5C-9DA8-EF6D7ADE7B86}.Debug|Any CPU.ActiveCfg = Debug|Any CPU
		{18B4DDB2-EA2C-4A5C-9DA8-EF6D7ADE7B86}.Debug|Any CPU.Build.0 = Debug|Any CPU
		{18B4DDB2-EA2C-4A5C-9DA8-EF6D7ADE7B86}.Release|Any CPU.ActiveCfg = Release|Any CPU
		{18B4DDB2-EA2C-4A5C-9DA8-EF6D7ADE7B86}.Release|Any CPU.Build.0 = Release|Any CPU
		{50693D56-1935-425B-8039-4D6F9686DCBE}.Debug|Any CPU.ActiveCfg = Debug|Any CPU
		{50693D56-1935-425B-8039-4D6F9686DCBE}.Debug|Any CPU.Build.0 = Debug|Any CPU
		{50693D56-1935-425B-8039-4D6F9686DCBE}.Release|Any CPU.ActiveCfg = Release|Any CPU
		{50693D56-1935-425B-8039-4D6F9686DCBE}.Release|Any CPU.Build.0 = Release|Any CPU
		{B5676D6B-ED18-4916-882A-DB7AB2D79369}.Debug|Any CPU.ActiveCfg = Debug|Any CPU
		{B5676D6B-ED18-4916-882A-DB7AB2D79369}.Debug|Any CPU.Build.0 = Debug|Any CPU
		{B5676D6B-ED18-4916-882A-DB7AB2D79369}.Release|Any CPU.ActiveCfg = Release|Any CPU
		{B5676D6B-ED18-4916-882A-DB7AB2D79369}.Release|Any CPU.Build.0 = Release|Any CPU
		{BC66E19F-8255-4878-B497-607035993164}.Debug|Any CPU.ActiveCfg = Debug|Any CPU
		{BC66E19F-8255-4878-B497-607035993164}.Debug|Any CPU.Build.0 = Debug|Any CPU
		{BC66E19F-8255-4878-B497-607035993164}.Release|Any CPU.ActiveCfg = Release|Any CPU
		{BC66E19F-8255-4878-B497-607035993164}.Release|Any CPU.Build.0 = Release|Any CPU
		{E754D992-43A2-4FD2-B22E-EC7CFDEA1B2E}.Debug|Any CPU.ActiveCfg = Debug|Any CPU
		{E754D992-43A2-4FD2-B22E-EC7CFDEA1B2E}.Debug|Any CPU.Build.0 = Debug|Any CPU
		{E754D992-43A2-4FD2-B22E-EC7CFDEA1B2E}.Release|Any CPU.ActiveCfg = Release|Any CPU
		{E754D992-43A2-4FD2-B22E-EC7CFDEA1B2E}.Release|Any CPU.Build.0 = Release|Any CPU
		{A1DB6F6B-F39B-46A2-B896-3DF07F46E0C3}.Debug|Any CPU.ActiveCfg = Debug|Any CPU
		{A1DB6F6B-F39B-46A2-B896-3DF07F46E0C3}.Debug|Any CPU.Build.0 = Debug|Any CPU
		{A1DB6F6B-F39B-46A2-B896-3DF07F46E0C3}.Release|Any CPU.ActiveCfg = Release|Any CPU
		{A1DB6F6B-F39B-46A2-B896-3DF07F46E0C3}.Release|Any CPU.Build.0 = Release|Any CPU
	EndGlobalSection
	GlobalSection(SolutionProperties) = preSolution
		HideSolutionNode = FALSE
	EndGlobalSection
	GlobalSection(ExtensibilityGlobals) = postSolution
		SolutionGuid = {34CEE070-C57E-4906-906C-B065557BF90D}
	EndGlobalSection
	GlobalSection(NestedProjects) = preSolution
		{5B06C514-A325-4EC8-AF9F-D3C888E3E4E1} = {E0F40844-6937-493D-9908-A132119CFB0E}
		{45EF3FDB-6A69-49CC-901A-F2B07849B340} = {E0F40844-6937-493D-9908-A132119CFB0E}
		{5C972404-3F43-4407-B3FE-F28A54BC6FA7} = {E0F40844-6937-493D-9908-A132119CFB0E}
		{9A529547-7A52-4121-BB42-636F15478780} = {E0F40844-6937-493D-9908-A132119CFB0E}
		{9E9760ED-1B7B-4D26-A74C-073E828A1243} = {E0F40844-6937-493D-9908-A132119CFB0E}
		{C8490924-D834-41C4-94EB-6F30D6CE3683} = {9E0F5A49-3872-4495-894A-3D72A75C7BB4}
		{6356EFAE-E5A8-46B3-A71E-BC105496544B} = {9E0F5A49-3872-4495-894A-3D72A75C7BB4}
		{9D2D4DD8-676C-49F9-A5AA-FD0626371B3A} = {9E0F5A49-3872-4495-894A-3D72A75C7BB4}
		{18B4DDB2-EA2C-4A5C-9DA8-EF6D7ADE7B86} = {9E0F5A49-3872-4495-894A-3D72A75C7BB4}
		{50693D56-1935-425B-8039-4D6F9686DCBE} = {9E0F5A49-3872-4495-894A-3D72A75C7BB4}
		{B5676D6B-ED18-4916-882A-DB7AB2D79369} = {9E0F5A49-3872-4495-894A-3D72A75C7BB4}
		{BC66E19F-8255-4878-B497-607035993164} = {9E0F5A49-3872-4495-894A-3D72A75C7BB4}
		{E754D992-43A2-4FD2-B22E-EC7CFDEA1B2E} = {E0F40844-6937-493D-9908-A132119CFB0E}
		{A1DB6F6B-F39B-46A2-B896-3DF07F46E0C3} = {9E0F5A49-3872-4495-894A-3D72A75C7BB4}
	EndGlobalSection
EndGlobal
